# This file was autogenerated by Stack.
# You should not edit this file by hand.
# For more information, please see the documentation at:
#   https://docs.haskellstack.org/en/stable/lock_files

packages:
- completed:
    hackage: MissingH-1.4.3.0@sha256:32f9892ec98cd21df4f4d3ed8d95a3831ae74287ea0641d6f09b2dc6ef061d39,4859
    pantry-tree:
      size: 5271
      sha256: 6cd6a7213615d72a7db3234c7fcd4346ceb4889bc8fb14b302b5878768018fcd
  original:
    hackage: MissingH-1.4.3.0@sha256:32f9892ec98cd21df4f4d3ed8d95a3831ae74287ea0641d6f09b2dc6ef061d39
- completed:
    hackage: floating-bits-0.3.0.0@sha256:742bcfcbc21b8daffc995990ee2399ab49550e8f4dd0dff1732d18f57a064c83,2442
    pantry-tree:
      size: 639
      sha256: 7781f2d8996de5910f986272598eda640372a953b21153804eb2712194653c1f
  original:
    hackage: floating-bits-0.3.0.0@sha256:742bcfcbc21b8daffc995990ee2399ab49550e8f4dd0dff1732d18f57a064c83
snapshots:
- completed:
    size: 573008
    url: https://raw.githubusercontent.com/commercialhaskell/stackage-snapshots/master/nightly/2022/5/12.yaml
    sha256: 2c73222c0a3fc8fa5a9df5de04038e402351652ea28b48604e15c36b693a168d
  original: nightly-2022-05-12
